
Microsoft Visual Studio Solution File, Format Version 12.00
# Visual Studio 15
VisualStudioVersion = 15.0.28307.271
MinimumVisualStudioVersion = 10.0.40219.1
Project("{9A19103F-16F7-4668-BE54-9A1E7A4F7556}") = "VM_Manager", "VM_Manager\VM_Manager.csproj", "{A62A1699-A9F4-4516-8065-A1647DF8458F}"
EndProject
Global
	GlobalSection(SolutionConfigurationPlatforms) = preSolution
		Debug|Any CPU = Debug|Any CPU
		Release|Any CPU = Release|Any CPU
	EndGlobalSection
	GlobalSection(ProjectConfigurationPlatforms) = postSolution
		{A62A1699-A9F4-4516-8065-A1647DF8458F}.Debug|Any CPU.ActiveCfg = Debug|Any CPU
		{A62A1699-A9F4-4516-8065-A1647DF8458F}.Debug|Any CPU.Build.0 = Debug|Any CPU
		{A62A1699-A9F4-4516-8065-A1647DF8458F}.Release|Any CPU.ActiveCfg = Release|Any CPU
		{A62A1699-A9F4-4516-8065-A1647DF8458F}.Release|Any CPU.Build.0 = Release|Any CPU
	EndGlobalSection
	GlobalSection(SolutionProperties) = preSolution
		HideSolutionNode = FALSE
	EndGlobalSection
	GlobalSection(ExtensibilityGlobals) = postSolution
		SolutionGuid = {B4718006-1DC1-44B9-B635-2D740AF011FA}
	EndGlobalSection
EndGlobal
